Microsoft Visual Studio Solution File, Format Version 11.00
# Visual Studio 2008

Project("{1504C31E-7567-9564-E6C2-9EF6E4DA55BF}") = "crash-bandicoot", "Assembly-CSharp-firstpass.csproj", "{37FB586F-38B5-3BE9-49DE-BAF6CEA15A47}"
EndProject
Project("{1504C31E-7567-9564-E6C2-9EF6E4DA55BF}") = "crash-bandicoot", "Assembly-CSharp.csproj", "{307D35BB-4CD3-0C03-D5EB-1C0BF054AD3A}"
EndProject
Project("{1504C31E-7567-9564-E6C2-9EF6E4DA55BF}") = "crash-bandicoot", "Assembly-CSharp-Editor.csproj", "{D4D4A590-505F-8940-AA65-C6FB6F80CD4D}"
EndProject
Global
	GlobalSection(SolutionConfigurationPlatforms) = preSolution
		Debug|Any CPU = Debug|Any CPU
		Release|Any CPU = Release|Any CPU
	EndGlobalSection
	GlobalSection(ProjectConfigurationPlatforms) = postSolution
		{37FB586F-38B5-3BE9-49DE-BAF6CEA15A47}.Debug|Any CPU.ActiveCfg = Debug|Any CPU
		{37FB586F-38B5-3BE9-49DE-BAF6CEA15A47}.Debug|Any CPU.Build.0 = Debug|Any CPU
		{37FB586F-38B5-3BE9-49DE-BAF6CEA15A47}.Release|Any CPU.ActiveCfg = Release|Any CPU
		{37FB586F-38B5-3BE9-49DE-BAF6CEA15A47}.Release|Any CPU.Build.0 = Release|Any CPU
		{307D35BB-4CD3-0C03-D5EB-1C0BF054AD3A}.Debug|Any CPU.ActiveCfg = Debug|Any CPU
		{307D35BB-4CD3-0C03-D5EB-1C0BF054AD3A}.Debug|Any CPU.Build.0 = Debug|Any CPU
		{307D35BB-4CD3-0C03-D5EB-1C0BF054AD3A}.Release|Any CPU.ActiveCfg = Release|Any CPU
		{307D35BB-4CD3-0C03-D5EB-1C0BF054AD3A}.Release|Any CPU.Build.0 = Release|Any CPU
		{D4D4A590-505F-8940-AA65-C6FB6F80CD4D}.Debug|Any CPU.ActiveCfg = Debug|Any CPU
		{D4D4A590-505F-8940-AA65-C6FB6F80CD4D}.Debug|Any CPU.Build.0 = Debug|Any CPU
		{D4D4A590-505F-8940-AA65-C6FB6F80CD4D}.Release|Any CPU.ActiveCfg = Release|Any CPU
		{D4D4A590-505F-8940-AA65-C6FB6F80CD4D}.Release|Any CPU.Build.0 = Release|Any CPU
	EndGlobalSection
	GlobalSection(SolutionProperties) = preSolution
		HideSolutionNode = FALSE
	EndGlobalSection
	GlobalSection(MonoDevelopProperties) = preSolution
		StartupItem = Assembly-CSharp.csproj
	EndGlobalSection
EndGlobal
